
Microsoft Visual Studio Solution File, Format Version 12.00
# Visual Studio Version 17
VisualStudioVersion = 17.14.36221.1 d17.14
MinimumVisualStudioVersion = 10.0.40219.1
Project("{FAE04EC0-301F-11D3-BF4B-00C04F79EFBC}") = "Valeria_Houda_carte_noel", "Valeria_Houda_carte_noel.csproj", "{6F58E226-B702-4C9C-AA9A-3D445910990A}"
EndProject
Global
	GlobalSection(SolutionConfigurationPlatforms) = preSolution
		Debug|Any CPU = Debug|Any CPU
		Release|Any CPU = Release|Any CPU
	EndGlobalSection
	GlobalSection(ProjectConfigurationPlatforms) = postSolution
		{6F58E226-B702-4C9C-AA9A-3D445910990A}.Debug|Any CPU.ActiveCfg = Debug|Any CPU
		{6F58E226-B702-4C9C-AA9A-3D445910990A}.Debug|Any CPU.Build.0 = Debug|Any CPU
		{6F58E226-B702-4C9C-AA9A-3D445910990A}.Release|Any CPU.ActiveCfg = Release|Any CPU
		{6F58E226-B702-4C9C-AA9A-3D445910990A}.Release|Any CPU.Build.0 = Release|Any CPU
	EndGlobalSection
	GlobalSection(SolutionProperties) = preSolution
		HideSolutionNode = FALSE
	EndGlobalSection
	GlobalSection(ExtensibilityGlobals) = postSolution
		SolutionGuid = {9DD21EA5-CBB1-4BEF-9D40-F97893C316EF}
	EndGlobalSection
EndGlobal
